<?xml version="1.0" encoding="utf-8"?>
<Project ToolsVersion="4.0" xmlns="http://schemas.microsoft.com/developer/msbuild/2003">
  <ItemGroup>
    <Filter Include="Source Files">
      <UniqueIdentifier>{4FC737F1-C7A5-4376-A066-2A32D752A2FF}</UniqueIdentifier>
      <Extensions>cpp;c;cc;cxx;def;odl;idl;hpj;bat;asm;asmx</Extensions>
    </Filter>
    <Filter Include="Header Files">
      <UniqueIdentifier>{93995380-89BD-4b04-88EB-625FBE52EBFB}</UniqueIdentifier>
      <Extensions>h;hh;hpp;hxx;hm;inl;inc;xsd</Extensions>
    </Filter>
    <Filter Include="Resource Files">
      <UniqueIdentifier>{67DA6AB6-F800-4c08-8B7A-83BB121AAD01}</UniqueIdentifier>
      <Extensions>rc;ico;cur;bmp;dlg;rc2;rct;bin;rgs;gif;jpg;jpeg;jpe;resx;tiff;tif;png;wav;mfcribbon-ms</Extensions>
    </Filter>
    <Filter Include="Shaders">
      <UniqueIdentifier>{27420033-4ab2-4461-9b39-3389297a3297}</UniqueIdentifier>
    </Filter>
    <Filter Include="Header Files\Other">
      <UniqueIdentifier>{8480f753-4a81-4b78-ae9a-32615f3e3351}</UniqueIdentifier>
    </Filter>
    <Filter Include="Header Files\System">
      <UniqueIdentifier>{ec470085-df4c-45b3-91e9-c66df8e40ab3}</UniqueIdentifier>
    </Filter>
    <Filter Include="Header Files\System\Graphics">
      <UniqueIdentifier>{1c188fcd-47cd-4e83-9652-921d5e58e7d2}</UniqueIdentifier>
    </Filter>
    <Filter Include="Header Files\System\Keyboard/Mouse">
      <UniqueIdentifier>{f43419a0-a3f8-4d4c-b708-841c0a3148eb}</UniqueIdentifier>
    </Filter>
    <Filter Include="Header Files\System\Graphics\Resources">
      <UniqueIdentifier>{80cb338f-52cc-42bc-b2a8-197b3a805fa1}</UniqueIdentifier>
    </Filter>
    <Filter Include="Header Files\System\Graphics\Contexts">
      <UniqueIdentifier>{f74b98a8-1830-4f4c-93bd-7a528aed3f79}</UniqueIdentifier>
    </Filter>
    <Filter Include="Header Files\System\Graphics\Contexts\Menu">
      <UniqueIdentifier>{85a13bec-6171-4ab9-a41c-10edd0b2b0ac}</UniqueIdentifier>
    </Filter>
    <Filter Include="Header Files\System\Graphics\Contexts\World">
      <UniqueIdentifier>{04142dac-d04a-4c61-9a88-342073d50c8e}</UniqueIdentifier>
    </Filter>
    <Filter Include="Source Files\Objects">
      <UniqueIdentifier>{147c1787-ca06-460e-9341-d47e2102e709}</UniqueIdentifier>
    </Filter>
    <Filter Include="Source Files\Objects\MapTiles">
      <UniqueIdentifier>{b6f93a34-bfc4-49cf-bd13-7d3c6e7997e2}</UniqueIdentifier>
    </Filter>
    <Filter Include="Header Files\System\Graphics\Contexts\World\Map">
      <UniqueIdentifier>{388acdd0-bb75-4edb-a833-455668e5ccea}</UniqueIdentifier>
    </Filter>
    <Filter Include="Header Files\System\Graphics\Contexts\World\Map\MapTiles">
      <UniqueIdentifier>{c1408008-f158-4f17-9410-6f3d24834927}</UniqueIdentifier>
    </Filter>
    <Filter Include="Header Files\System\Graphics\Contexts\World\Mobiles">
      <UniqueIdentifier>{4d5e35b4-4a0e-453b-9ab5-92f56e6fd484}</UniqueIdentifier>
    </Filter>
    <Filter Include="Header Files\System\Graphics\Contexts\World\Mobiles\PlayerMobile">
      <UniqueIdentifier>{b1fed251-adf9-49ae-9f1b-f6208f492c01}</UniqueIdentifier>
    </Filter>
    <Filter Include="Header Files\System\Graphics\Contexts\World\Mobiles\MobileAttributes">
      <UniqueIdentifier>{6491f8fb-98cc-487e-b93d-6d81a64d7bd6}</UniqueIdentifier>
    </Filter>
    <Filter Include="Header Files\System\Graphics\Contexts\World\Mobiles\AIMobile">
      <UniqueIdentifier>{32acd5f3-53a1-4d9b-bbdf-3ed5c0e4e794}</UniqueIdentifier>
    </Filter>
    <Filter Include="Source Files\Other">
      <UniqueIdentifier>{91cd9eb8-362b-465f-a705-19cfa9d7b1ff}</UniqueIdentifier>
    </Filter>
    <Filter Include="Source Files\Keyboard/Mouse">
      <UniqueIdentifier>{50ee327a-b94c-44c6-9160-88d34666c850}</UniqueIdentifier>
    </Filter>
    <Filter Include="Header Files\System\Graphics\Resources\ModelManagers">
      <UniqueIdentifier>{f4bafcf4-5dc6-4f3f-8dd7-0aadd1c0067b}</UniqueIdentifier>
    </Filter>
  </ItemGroup>
  <ItemGroup>
    <ClCompile Include="main.cpp">
      <Filter>Source Files</Filter>
    </ClCompile>
    <ClCompile Include="Camera.cpp">
      <Filter>Source Files</Filter>
    </ClCompile>
    <ClCompile Include="ColorShader.cpp">
      <Filter>Source Files</Filter>
    </ClCompile>
    <ClCompile Include="Direct3D.cpp">
      <Filter>Source Files</Filter>
    </ClCompile>
    <ClCompile Include="Graphics.cpp">
      <Filter>Source Files</Filter>
    </ClCompile>
    <ClCompile Include="Model2D.cpp">
      <Filter>Source Files</Filter>
    </ClCompile>
    <ClCompile Include="Object.cpp">
      <Filter>Source Files</Filter>
    </ClCompile>
    <ClCompile Include="Texture.cpp">
      <Filter>Source Files</Filter>
    </ClCompile>
    <ClCompile Include="TextureShader.cpp">
      <Filter>Source Files</Filter>
    </ClCompile>
    <ClCompile Include="SystemClass.cpp">
      <Filter>Source Files</Filter>
    </ClCompile>
    <ClCompile Include="ContextWorld.cpp">
      <Filter>Source Files</Filter>
    </ClCompile>
    <ClCompile Include="ContextMenu.cpp">
      <Filter>Source Files</Filter>
    </ClCompile>
    <ClCompile Include="ResourceManager.cpp">
      <Filter>Source Files</Filter>
    </ClCompile>
    <ClCompile Include="MapTile.cpp">
      <Filter>Source Files\Objects\MapTiles</Filter>
    </ClCompile>
    <ClCompile Include="Grass.cpp">
      <Filter>Source Files\Objects\MapTiles</Filter>
    </ClCompile>
    <ClCompile Include="Stones.cpp">
      <Filter>Source Files\Objects\MapTiles</Filter>
    </ClCompile>
    <ClCompile Include="EmptyTile.cpp">
      <Filter>Source Files\Objects\MapTiles</Filter>
    </ClCompile>
    <ClCompile Include="Map.cpp">
      <Filter>Source Files</Filter>
    </ClCompile>
    <ClCompile Include="BaseContext.cpp">
      <Filter>Source Files</Filter>
    </ClCompile>
    <ClCompile Include="DebugRedSquare.cpp">
      <Filter>Source Files\Objects\MapTiles</Filter>
    </ClCompile>
    <ClCompile Include="HP.cpp">
      <Filter>Source Files</Filter>
    </ClCompile>
    <ClCompile Include="Energy.cpp">
      <Filter>Source Files</Filter>
    </ClCompile>
    <ClCompile Include="Movement.cpp">
      <Filter>Source Files</Filter>
    </ClCompile>
    <ClCompile Include="PlayerMobile.cpp">
      <Filter>Source Files</Filter>
    </ClCompile>
    <ClCompile Include="AIMobile.cpp">
      <Filter>Source Files</Filter>
    </ClCompile>
    <ClCompile Include="Mobile.cpp">
      <Filter>Source Files</Filter>
    </ClCompile>
    <ClCompile Include="ARGBColor.cpp">
      <Filter>Source Files\Other</Filter>
    </ClCompile>
    <ClCompile Include="BGRColor.cpp">
      <Filter>Source Files\Other</Filter>
    </ClCompile>
    <ClCompile Include="ByteAmount.cpp">
      <Filter>Source Files\Other</Filter>
    </ClCompile>
    <ClCompile Include="Exception.cpp">
      <Filter>Source Files\Other</Filter>
    </ClCompile>
    <ClCompile Include="FrameTime.cpp">
      <Filter>Source Files\Other</Filter>
    </ClCompile>
    <ClCompile Include="MyDebug.cpp">
      <Filter>Source Files\Other</Filter>
    </ClCompile>
    <ClCompile Include="Position.cpp">
      <Filter>Source Files\Other</Filter>
    </ClCompile>
    <ClCompile Include="Rotation.cpp">
      <Filter>Source Files\Other</Filter>
    </ClCompile>
    <ClCompile Include="Scale.cpp">
      <Filter>Source Files\Other</Filter>
    </ClCompile>
    <ClCompile Include="ScreenSize.cpp">
      <Filter>Source Files\Other</Filter>
    </ClCompile>
    <ClCompile Include="Singleton.cpp">
      <Filter>Source Files\Other</Filter>
    </ClCompile>
    <ClCompile Include="TestTimer.cpp">
      <Filter>Source Files\Other</Filter>
    </ClCompile>
    <ClCompile Include="AStarPathfinding.cpp">
      <Filter>Source Files</Filter>
    </ClCompile>
    <ClCompile Include="Wall.cpp">
      <Filter>Source Files\Objects\MapTiles</Filter>
    </ClCompile>
    <ClCompile Include="InputManager.cpp">
      <Filter>Source Files\Keyboard/Mouse</Filter>
    </ClCompile>
  </ItemGroup>
  <ItemGroup>
    <ClInclude Include="ByteAmount.h">
      <Filter>Header Files\Other</Filter>
    </ClInclude>
    <ClInclude Include="ByteLiterals.h">
      <Filter>Header Files\Other</Filter>
    </ClInclude>
    <ClInclude Include="ByteTraits.h">
      <Filter>Header Files\Other</Filter>
    </ClInclude>
    <ClInclude Include="ByteTypes.h">
      <Filter>Header Files\Other</Filter>
    </ClInclude>
    <ClInclude Include="ChronoSuffix.h">
      <Filter>Header Files\Other</Filter>
    </ClInclude>
    <ClInclude Include="Constexpr.h">
      <Filter>Header Files\Other</Filter>
    </ClInclude>
    <ClInclude Include="Exception.h">
      <Filter>Header Files\Other</Filter>
    </ClInclude>
    <ClInclude Include="FrameTime.h">
      <Filter>Header Files\Other</Filter>
    </ClInclude>
    <ClInclude Include="Incopiable.h">
      <Filter>Header Files\Other</Filter>
    </ClInclude>
    <ClInclude Include="MyDebug.h">
      <Filter>Header Files\Other</Filter>
    </ClInclude>
    <ClInclude Include="Random.h">
      <Filter>Header Files\Other</Filter>
    </ClInclude>
    <ClInclude Include="TypeLists.h">
      <Filter>Header Files\Other</Filter>
    </ClInclude>
    <ClInclude Include="TypeDefs.h">
      <Filter>Header Files\Other</Filter>
    </ClInclude>
    <ClInclude Include="TestTimer.h">
      <Filter>Header Files\Other</Filter>
    </ClInclude>
    <ClInclude Include="StackAllocatorEmptyType.h">
      <Filter>Header Files\Other</Filter>
    </ClInclude>
    <ClInclude Include="StackAllocator.h">
      <Filter>Header Files\Other</Filter>
    </ClInclude>
    <ClInclude Include="Singleton.h">
      <Filter>Header Files\Other</Filter>
    </ClInclude>
    <ClInclude Include="ScreenSize.h">
      <Filter>Header Files\Other</Filter>
    </ClInclude>
    <ClInclude Include="resource.h">
      <Filter>Header Files\Other</Filter>
    </ClInclude>
    <ClInclude Include="MallocatorEmptyType.h">
      <Filter>Header Files\Other</Filter>
    </ClInclude>
    <ClInclude Include="Mallocator.h">
      <Filter>Header Files\Other</Filter>
    </ClInclude>
    <ClInclude Include="Keys.h">
      <Filter>Header Files\System\Keyboard/Mouse</Filter>
    </ClInclude>
    <ClInclude Include="Settings.h">
      <Filter>Header Files\System</Filter>
    </ClInclude>
    <ClInclude Include="SystemClass.h">
      <Filter>Header Files\System</Filter>
    </ClInclude>
    <ClInclude Include="Graphics.h">
      <Filter>Header Files\System\Graphics</Filter>
    </ClInclude>
    <ClInclude Include="Direct3D.h">
      <Filter>Header Files\System\Graphics</Filter>
    </ClInclude>
    <ClInclude Include="Camera.h">
      <Filter>Header Files\System\Graphics</Filter>
    </ClInclude>
    <ClInclude Include="ColorShader.h">
      <Filter>Shaders</Filter>
    </ClInclude>
    <ClInclude Include="TextureShader.h">
      <Filter>Shaders</Filter>
    </ClInclude>
    <ClInclude Include="Model2D.h">
      <Filter>Header Files\System\Graphics\Resources</Filter>
    </ClInclude>
    <ClInclude Include="Texture.h">
      <Filter>Header Files\System\Graphics\Resources</Filter>
    </ClInclude>
    <ClInclude Include="Object.h">
      <Filter>Header Files\System\Graphics\Resources</Filter>
    </ClInclude>
    <ClInclude Include="BaseContext.h">
      <Filter>Header Files\System\Graphics\Contexts</Filter>
    </ClInclude>
    <ClInclude Include="ResourceManager.h">
      <Filter>Header Files\System\Graphics\Resources</Filter>
    </ClInclude>
    <ClInclude Include="ContextWorld.h">
      <Filter>Header Files\System\Graphics\Contexts\World</Filter>
    </ClInclude>
    <ClInclude Include="ContextMenu.h">
      <Filter>Header Files\System\Graphics\Contexts\Menu</Filter>
    </ClInclude>
    <ClInclude Include="Grass.h">
      <Filter>Header Files\System\Graphics\Contexts\World\Map\MapTiles</Filter>
    </ClInclude>
    <ClInclude Include="MapTile.h">
      <Filter>Header Files\System\Graphics\Contexts\World\Map</Filter>
    </ClInclude>
    <ClInclude Include="Stones.h">
      <Filter>Header Files\System\Graphics\Contexts\World\Map\MapTiles</Filter>
    </ClInclude>
    <ClInclude Include="EmptyTile.h">
      <Filter>Header Files\System\Graphics\Contexts\World\Map\MapTiles</Filter>
    </ClInclude>
    <ClInclude Include="AllMapTileDefs.h">
      <Filter>Header Files\System\Graphics\Contexts\World\Map\MapTiles</Filter>
    </ClInclude>
    <ClInclude Include="BGRColor.h">
      <Filter>Header Files\Other</Filter>
    </ClInclude>
    <ClInclude Include="Aligned.h">
      <Filter>Header Files\Other</Filter>
    </ClInclude>
    <ClInclude Include="ARGBColor.h">
      <Filter>Header Files\Other</Filter>
    </ClInclude>
    <ClInclude Include="DebugRedSquare.h">
      <Filter>Header Files\System\Graphics\Contexts\World\Map\MapTiles</Filter>
    </ClInclude>
    <ClInclude Include="Position.h">
      <Filter>Header Files\Other</Filter>
    </ClInclude>
    <ClInclude Include="Rotation.h">
      <Filter>Header Files\Other</Filter>
    </ClInclude>
    <ClInclude Include="Scale.h">
      <Filter>Header Files\Other</Filter>
    </ClInclude>
    <ClInclude Include="Point2D.h">
      <Filter>Header Files\Other</Filter>
    </ClInclude>
    <ClInclude Include="Point3D.h">
      <Filter>Header Files\Other</Filter>
    </ClInclude>
    <ClInclude Include="Map.h">
      <Filter>Header Files\System\Graphics\Contexts\World\Map</Filter>
    </ClInclude>
    <ClInclude Include="Mobile.h">
      <Filter>Header Files\System\Graphics\Contexts\World\Mobiles</Filter>
    </ClInclude>
    <ClInclude Include="HP.h">
      <Filter>Header Files\System\Graphics\Contexts\World\Mobiles\MobileAttributes</Filter>
    </ClInclude>
    <ClInclude Include="LimitedT.h">
      <Filter>Header Files\Other</Filter>
    </ClInclude>
    <ClInclude Include="Energy.h">
      <Filter>Header Files\System\Graphics\Contexts\World\Mobiles\MobileAttributes</Filter>
    </ClInclude>
    <ClInclude Include="Movement.h">
      <Filter>Header Files\System\Graphics\Contexts\World\Mobiles\MobileAttributes</Filter>
    </ClInclude>
    <ClInclude Include="PlayerMobile.h">
      <Filter>Header Files\System\Graphics\Contexts\World\Mobiles\PlayerMobile</Filter>
    </ClInclude>
    <ClInclude Include="AIMobile.h">
      <Filter>Header Files\System\Graphics\Contexts\World\Mobiles\AIMobile</Filter>
    </ClInclude>
    <ClInclude Include="MovementCost.h">
      <Filter>Header Files\System\Graphics\Contexts\World\Map</Filter>
    </ClInclude>
    <ClInclude Include="Direction.h">
      <Filter>Header Files\Other</Filter>
    </ClInclude>
    <ClInclude Include="Wall.h">
      <Filter>Header Files\System\Graphics\Contexts\World\Map\MapTiles</Filter>
    </ClInclude>
    <ClInclude Include="AStarPathfinding.h">
      <Filter>Header Files\System\Graphics\Contexts\World\Map</Filter>
    </ClInclude>
    <ClInclude Include="InputEvent.h">
      <Filter>Header Files\System\Keyboard/Mouse</Filter>
    </ClInclude>
    <ClInclude Include="InputManager.h">
      <Filter>Header Files\System\Keyboard/Mouse</Filter>
    </ClInclude>
    <ClInclude Include="BaseModelManager.h">
      <Filter>Header Files\System\Graphics\Resources\ModelManagers</Filter>
    </ClInclude>
    <ClInclude Include="StaticModelManager.h">
      <Filter>Header Files\System\Graphics\Resources\ModelManagers</Filter>
    </ClInclude>
  </ItemGroup>
  <ItemGroup>
    <None Include="texture.ps">
      <Filter>Shaders</Filter>
    </None>
    <None Include="color.ps">
      <Filter>Shaders</Filter>
    </None>
    <None Include="texture.vs">
      <Filter>Shaders</Filter>
    </None>
    <None Include="color.vs">
      <Filter>Shaders</Filter>
    </None>
  </ItemGroup>
</Project>