<?xml version="1.0" encoding="utf-8"?>
<Project ToolsVersion="4.0" xmlns="http://schemas.microsoft.com/developer/msbuild/2003">
  <ItemGroup>
    <Filter Include="Source Files">
      <UniqueIdentifier>{4FC737F1-C7A5-4376-A066-2A32D752A2FF}</UniqueIdentifier>
      <Extensions>cpp;c;cc;cxx;def;odl;idl;hpj;bat;asm;asmx</Extensions>
    </Filter>
    <Filter Include="Header Files">
      <UniqueIdentifier>{93995380-89BD-4b04-88EB-625FBE52EBFB}</UniqueIdentifier>
      <Extensions>h;hh;hpp;hxx;hm;inl;inc;xsd</Extensions>
    </Filter>
    <Filter Include="Resource Files">
      <UniqueIdentifier>{67DA6AB6-F800-4c08-8B7A-83BB121AAD01}</UniqueIdentifier>
      <Extensions>rc;ico;cur;bmp;dlg;rc2;rct;bin;rgs;gif;jpg;jpeg;jpe;resx;tiff;tif;png;wav;mfcribbon-ms</Extensions>
    </Filter>
    <Filter Include="Shaders">
      <UniqueIdentifier>{27420033-4ab2-4461-9b39-3389297a3297}</UniqueIdentifier>
    </Filter>
    <Filter Include="Header Files\Other">
      <UniqueIdentifier>{8480f753-4a81-4b78-ae9a-32615f3e3351}</UniqueIdentifier>
    </Filter>
    <Filter Include="Header Files\System">
      <UniqueIdentifier>{ec470085-df4c-45b3-91e9-c66df8e40ab3}</UniqueIdentifier>
    </Filter>
    <Filter Include="Header Files\System\Graphics">
      <UniqueIdentifier>{1c188fcd-47cd-4e83-9652-921d5e58e7d2}</UniqueIdentifier>
    </Filter>
    <Filter Include="Header Files\System\Keyboard/Mouse">
      <UniqueIdentifier>{f43419a0-a3f8-4d4c-b708-841c0a3148eb}</UniqueIdentifier>
    </Filter>
    <Filter Include="Source Files\System">
      <UniqueIdentifier>{292ca3b7-5bc1-4d6c-9d3e-65e6310b1c25}</UniqueIdentifier>
    </Filter>
    <Filter Include="Source Files\System\Graphics">
      <UniqueIdentifier>{0206b782-74a0-487a-8cc0-33f6c443ee96}</UniqueIdentifier>
    </Filter>
  </ItemGroup>
  <ItemGroup>
    <ClCompile Include="main.cpp">
      <Filter>Source Files</Filter>
    </ClCompile>
    <ClCompile Include="SystemClass.cpp">
      <Filter>Source Files\System</Filter>
    </ClCompile>
    <ClCompile Include="WorldClass.cpp">
      <Filter>Source Files\System\Graphics</Filter>
    </ClCompile>
    <ClCompile Include="Model2DClass.cpp">
      <Filter>Source Files\System\Graphics</Filter>
    </ClCompile>
    <ClCompile Include="ObjectClass.cpp">
      <Filter>Source Files\System\Graphics</Filter>
    </ClCompile>
    <ClCompile Include="TextureClass.cpp">
      <Filter>Source Files\System\Graphics</Filter>
    </ClCompile>
    <ClCompile Include="TextureShaderClass.cpp">
      <Filter>Source Files\System\Graphics</Filter>
    </ClCompile>
    <ClCompile Include="GraphicsClass.cpp">
      <Filter>Source Files\System\Graphics</Filter>
    </ClCompile>
    <ClCompile Include="D3dClass.cpp">
      <Filter>Source Files\System\Graphics</Filter>
    </ClCompile>
    <ClCompile Include="ColorShaderClass.cpp">
      <Filter>Source Files\System\Graphics</Filter>
    </ClCompile>
    <ClCompile Include="CameraClass.cpp">
      <Filter>Source Files\System\Graphics</Filter>
    </ClCompile>
  </ItemGroup>
  <ItemGroup>
    <ClInclude Include="Aligned.h">
      <Filter>Header Files\Other</Filter>
    </ClInclude>
    <ClInclude Include="ByteAmount.h">
      <Filter>Header Files\Other</Filter>
    </ClInclude>
    <ClInclude Include="ByteLiterals.h">
      <Filter>Header Files\Other</Filter>
    </ClInclude>
    <ClInclude Include="ByteTraits.h">
      <Filter>Header Files\Other</Filter>
    </ClInclude>
    <ClInclude Include="ByteTypes.h">
      <Filter>Header Files\Other</Filter>
    </ClInclude>
    <ClInclude Include="ChronoSuffix.h">
      <Filter>Header Files\Other</Filter>
    </ClInclude>
    <ClInclude Include="Constexpr.h">
      <Filter>Header Files\Other</Filter>
    </ClInclude>
    <ClInclude Include="Exception.h">
      <Filter>Header Files\Other</Filter>
    </ClInclude>
    <ClInclude Include="FrameTime.h">
      <Filter>Header Files\Other</Filter>
    </ClInclude>
    <ClInclude Include="Incopiable.h">
      <Filter>Header Files\Other</Filter>
    </ClInclude>
    <ClInclude Include="MyDebug.h">
      <Filter>Header Files\Other</Filter>
    </ClInclude>
    <ClInclude Include="Position.h">
      <Filter>Header Files\Other</Filter>
    </ClInclude>
    <ClInclude Include="Random.h">
      <Filter>Header Files\Other</Filter>
    </ClInclude>
    <ClInclude Include="Rect.h">
      <Filter>Header Files\Other</Filter>
    </ClInclude>
    <ClInclude Include="TypeLists.h">
      <Filter>Header Files\Other</Filter>
    </ClInclude>
    <ClInclude Include="TypeDefs.h">
      <Filter>Header Files\Other</Filter>
    </ClInclude>
    <ClInclude Include="TestTimer.h">
      <Filter>Header Files\Other</Filter>
    </ClInclude>
    <ClInclude Include="StackAllocatorEmptyType.h">
      <Filter>Header Files\Other</Filter>
    </ClInclude>
    <ClInclude Include="StackAllocator.h">
      <Filter>Header Files\Other</Filter>
    </ClInclude>
    <ClInclude Include="Singleton.h">
      <Filter>Header Files\Other</Filter>
    </ClInclude>
    <ClInclude Include="ScreenSize.h">
      <Filter>Header Files\Other</Filter>
    </ClInclude>
    <ClInclude Include="resource.h">
      <Filter>Header Files\Other</Filter>
    </ClInclude>
    <ClInclude Include="MallocatorEmptyType.h">
      <Filter>Header Files\Other</Filter>
    </ClInclude>
    <ClInclude Include="Mallocator.h">
      <Filter>Header Files\Other</Filter>
    </ClInclude>
    <ClInclude Include="InputEventHandler.h">
      <Filter>Header Files\System\Keyboard/Mouse</Filter>
    </ClInclude>
    <ClInclude Include="InputManager.h">
      <Filter>Header Files\System\Keyboard/Mouse</Filter>
    </ClInclude>
    <ClInclude Include="Keys.h">
      <Filter>Header Files\System\Keyboard/Mouse</Filter>
    </ClInclude>
    <ClInclude Include="Settings.h">
      <Filter>Header Files\System</Filter>
    </ClInclude>
    <ClInclude Include="SystemClass.h">
      <Filter>Header Files\System</Filter>
    </ClInclude>
    <ClInclude Include="CameraClass.h">
      <Filter>Header Files\System\Graphics</Filter>
    </ClInclude>
    <ClInclude Include="D3dClass.h">
      <Filter>Header Files\System\Graphics</Filter>
    </ClInclude>
    <ClInclude Include="GraphicsClass.h">
      <Filter>Header Files\System\Graphics</Filter>
    </ClInclude>
    <ClInclude Include="Model2DClass.h">
      <Filter>Header Files\System\Graphics</Filter>
    </ClInclude>
    <ClInclude Include="ObjectClass.h">
      <Filter>Header Files\System\Graphics</Filter>
    </ClInclude>
    <ClInclude Include="TextureClass.h">
      <Filter>Header Files\System\Graphics</Filter>
    </ClInclude>
    <ClInclude Include="WorldClass.h">
      <Filter>Header Files\System\Graphics</Filter>
    </ClInclude>
    <ClInclude Include="TileSize.h">
      <Filter>Header Files\Other</Filter>
    </ClInclude>
    <ClInclude Include="ColorShaderClass.h">
      <Filter>Shaders</Filter>
    </ClInclude>
    <ClInclude Include="TextureShaderClass.h">
      <Filter>Shaders</Filter>
    </ClInclude>
  </ItemGroup>
  <ItemGroup>
    <None Include="texture.ps">
      <Filter>Shaders</Filter>
    </None>
    <None Include="color.ps">
      <Filter>Shaders</Filter>
    </None>
    <None Include="texture.vs">
      <Filter>Shaders</Filter>
    </None>
    <None Include="color.vs">
      <Filter>Shaders</Filter>
    </None>
  </ItemGroup>
</Project>